
Microsoft Visual Studio Solution File, Format Version 12.00
# Visual Studio 15
VisualStudioVersion = 15.0.28307.757
MinimumVisualStudioVersion = 10.0.40219.1
Project("{9A19103F-16F7-4668-BE54-9A1E7A4F7556}") = "TheV-Logger", "TheV-Logger\TheV-Logger.csproj", "{F3400874-B1DE-426F-8407-FF80229AC77D}"
EndProject
Project("{9A19103F-16F7-4668-BE54-9A1E7A4F7556}") = "Ranking", "Ranking\Ranking.csproj", "{276AD48F-DF3E-4980-9FB3-8092A6FE56EA}"
EndProject
Project("{9A19103F-16F7-4668-BE54-9A1E7A4F7556}") = "TravelMap", "TravelMap\TravelMap.csproj", "{F61923D2-07A1-4D29-87FE-273B2C0CAC6C}"
EndProject
Project("{9A19103F-16F7-4668-BE54-9A1E7A4F7556}") = "SportCards", "SportCards\SportCards.csproj", "{E7283E8A-0DDB-4D67-AB34-B223FEA624C9}"
EndProject
Project("{9A19103F-16F7-4668-BE54-9A1E7A4F7556}") = "Tagram", "Tagram\Tagram.csproj", "{D836175A-D8E6-4E06-8B83-7BBC8B4935C8}"
EndProject
Project("{9A19103F-16F7-4668-BE54-9A1E7A4F7556}") = "MovieTime", "MovieTime\MovieTime.csproj", "{788DAD4F-10F9-4FC1-AAE7-F9CB64EF017B}"
EndProject
Project("{9A19103F-16F7-4668-BE54-9A1E7A4F7556}") = "HitList", "HitList\HitList.csproj", "{3956EA5D-B0D6-4E42-BB87-B07116DA540F}"
EndProject
Project("{9A19103F-16F7-4668-BE54-9A1E7A4F7556}") = "GreedyTimes", "GreedyTimes\GreedyTimes.csproj", "{0286AF45-35EF-407A-A0C5-3EDCEACEF809}"
EndProject
Project("{9A19103F-16F7-4668-BE54-9A1E7A4F7556}") = "Hospital", "Hospital\Hospital.csproj", "{3CDF56D6-9436-49C7-A223-75FADF1CD400}"
EndProject
Project("{9A19103F-16F7-4668-BE54-9A1E7A4F7556}") = "CubicAssault", "CubicAssault\CubicAssault.csproj", "{2347D42D-0430-4D2C-B6D5-730AECC37032}"
EndProject
Project("{FAE04EC0-301F-11D3-BF4B-00C04F79EFBC}") = "ChampionsLeague", "ChampionsLeague\ChampionsLeague.csproj", "{482A0287-D2CB-4BE8-A476-02B2640B4F53}"
EndProject
Project("{FAE04EC0-301F-11D3-BF4B-00C04F79EFBC}") = "PopulationCounter", "PopulationCounter\PopulationCounter.csproj", "{4BFC1D42-D4C6-40D0-9732-F6F40127E5B5}"
EndProject
Project("{FAE04EC0-301F-11D3-BF4B-00C04F79EFBC}") = "OlympicsAreComing", "OlympicsAreComing\OlympicsAreComing.csproj", "{2C7BE615-FDA2-45F6-9D12-2F446B9D7C2D}"
EndProject
Global
	GlobalSection(SolutionConfigurationPlatforms) = preSolution
		Debug|Any CPU = Debug|Any CPU
		Release|Any CPU = Release|Any CPU
	EndGlobalSection
	GlobalSection(ProjectConfigurationPlatforms) = postSolution
		{F3400874-B1DE-426F-8407-FF80229AC77D}.Debug|Any CPU.ActiveCfg = Debug|Any CPU
		{F3400874-B1DE-426F-8407-FF80229AC77D}.Debug|Any CPU.Build.0 = Debug|Any CPU
		{F3400874-B1DE-426F-8407-FF80229AC77D}.Release|Any CPU.ActiveCfg = Release|Any CPU
		{F3400874-B1DE-426F-8407-FF80229AC77D}.Release|Any CPU.Build.0 = Release|Any CPU
		{276AD48F-DF3E-4980-9FB3-8092A6FE56EA}.Debug|Any CPU.ActiveCfg = Debug|Any CPU
		{276AD48F-DF3E-4980-9FB3-8092A6FE56EA}.Debug|Any CPU.Build.0 = Debug|Any CPU
		{276AD48F-DF3E-4980-9FB3-8092A6FE56EA}.Release|Any CPU.ActiveCfg = Release|Any CPU
		{276AD48F-DF3E-4980-9FB3-8092A6FE56EA}.Release|Any CPU.Build.0 = Release|Any CPU
		{F61923D2-07A1-4D29-87FE-273B2C0CAC6C}.Debug|Any CPU.ActiveCfg = Debug|Any CPU
		{F61923D2-07A1-4D29-87FE-273B2C0CAC6C}.Debug|Any CPU.Build.0 = Debug|Any CPU
		{F61923D2-07A1-4D29-87FE-273B2C0CAC6C}.Release|Any CPU.ActiveCfg = Release|Any CPU
		{F61923D2-07A1-4D29-87FE-273B2C0CAC6C}.Release|Any CPU.Build.0 = Release|Any CPU
		{E7283E8A-0DDB-4D67-AB34-B223FEA624C9}.Debug|Any CPU.ActiveCfg = Debug|Any CPU
		{E7283E8A-0DDB-4D67-AB34-B223FEA624C9}.Debug|Any CPU.Build.0 = Debug|Any CPU
		{E7283E8A-0DDB-4D67-AB34-B223FEA624C9}.Release|Any CPU.ActiveCfg = Release|Any CPU
		{E7283E8A-0DDB-4D67-AB34-B223FEA624C9}.Release|Any CPU.Build.0 = Release|Any CPU
		{D836175A-D8E6-4E06-8B83-7BBC8B4935C8}.Debug|Any CPU.ActiveCfg = Debug|Any CPU
		{D836175A-D8E6-4E06-8B83-7BBC8B4935C8}.Debug|Any CPU.Build.0 = Debug|Any CPU
		{D836175A-D8E6-4E06-8B83-7BBC8B4935C8}.Release|Any CPU.ActiveCfg = Release|Any CPU
		{D836175A-D8E6-4E06-8B83-7BBC8B4935C8}.Release|Any CPU.Build.0 = Release|Any CPU
		{788DAD4F-10F9-4FC1-AAE7-F9CB64EF017B}.Debug|Any CPU.ActiveCfg = Debug|Any CPU
		{788DAD4F-10F9-4FC1-AAE7-F9CB64EF017B}.Debug|Any CPU.Build.0 = Debug|Any CPU
		{788DAD4F-10F9-4FC1-AAE7-F9CB64EF017B}.Release|Any CPU.ActiveCfg = Release|Any CPU
		{788DAD4F-10F9-4FC1-AAE7-F9CB64EF017B}.Release|Any CPU.Build.0 = Release|Any CPU
		{3956EA5D-B0D6-4E42-BB87-B07116DA540F}.Debug|Any CPU.ActiveCfg = Debug|Any CPU
		{3956EA5D-B0D6-4E42-BB87-B07116DA540F}.Debug|Any CPU.Build.0 = Debug|Any CPU
		{3956EA5D-B0D6-4E42-BB87-B07116DA540F}.Release|Any CPU.ActiveCfg = Release|Any CPU
		{3956EA5D-B0D6-4E42-BB87-B07116DA540F}.Release|Any CPU.Build.0 = Release|Any CPU
		{0286AF45-35EF-407A-A0C5-3EDCEACEF809}.Debug|Any CPU.ActiveCfg = Debug|Any CPU
		{0286AF45-35EF-407A-A0C5-3EDCEACEF809}.Debug|Any CPU.Build.0 = Debug|Any CPU
		{0286AF45-35EF-407A-A0C5-3EDCEACEF809}.Release|Any CPU.ActiveCfg = Release|Any CPU
		{0286AF45-35EF-407A-A0C5-3EDCEACEF809}.Release|Any CPU.Build.0 = Release|Any CPU
		{3CDF56D6-9436-49C7-A223-75FADF1CD400}.Debug|Any CPU.ActiveCfg = Debug|Any CPU
		{3CDF56D6-9436-49C7-A223-75FADF1CD400}.Debug|Any CPU.Build.0 = Debug|Any CPU
		{3CDF56D6-9436-49C7-A223-75FADF1CD400}.Release|Any CPU.ActiveCfg = Release|Any CPU
		{3CDF56D6-9436-49C7-A223-75FADF1CD400}.Release|Any CPU.Build.0 = Release|Any CPU
		{2347D42D-0430-4D2C-B6D5-730AECC37032}.Debug|Any CPU.ActiveCfg = Debug|Any CPU
		{2347D42D-0430-4D2C-B6D5-730AECC37032}.Debug|Any CPU.Build.0 = Debug|Any CPU
		{2347D42D-0430-4D2C-B6D5-730AECC37032}.Release|Any CPU.ActiveCfg = Release|Any CPU
		{2347D42D-0430-4D2C-B6D5-730AECC37032}.Release|Any CPU.Build.0 = Release|Any CPU
		{482A0287-D2CB-4BE8-A476-02B2640B4F53}.Debug|Any CPU.ActiveCfg = Debug|Any CPU
		{482A0287-D2CB-4BE8-A476-02B2640B4F53}.Debug|Any CPU.Build.0 = Debug|Any CPU
		{482A0287-D2CB-4BE8-A476-02B2640B4F53}.Release|Any CPU.ActiveCfg = Release|Any CPU
		{482A0287-D2CB-4BE8-A476-02B2640B4F53}.Release|Any CPU.Build.0 = Release|Any CPU
		{4BFC1D42-D4C6-40D0-9732-F6F40127E5B5}.Debug|Any CPU.ActiveCfg = Debug|Any CPU
		{4BFC1D42-D4C6-40D0-9732-F6F40127E5B5}.Debug|Any CPU.Build.0 = Debug|Any CPU
		{4BFC1D42-D4C6-40D0-9732-F6F40127E5B5}.Release|Any CPU.ActiveCfg = Release|Any CPU
		{4BFC1D42-D4C6-40D0-9732-F6F40127E5B5}.Release|Any CPU.Build.0 = Release|Any CPU
		{2C7BE615-FDA2-45F6-9D12-2F446B9D7C2D}.Debug|Any CPU.ActiveCfg = Debug|Any CPU
		{2C7BE615-FDA2-45F6-9D12-2F446B9D7C2D}.Debug|Any CPU.Build.0 = Debug|Any CPU
		{2C7BE615-FDA2-45F6-9D12-2F446B9D7C2D}.Release|Any CPU.ActiveCfg = Release|Any CPU
		{2C7BE615-FDA2-45F6-9D12-2F446B9D7C2D}.Release|Any CPU.Build.0 = Release|Any CPU
	EndGlobalSection
	GlobalSection(SolutionProperties) = preSolution
		HideSolutionNode = FALSE
	EndGlobalSection
	GlobalSection(ExtensibilityGlobals) = postSolution
		SolutionGuid = {8D1CE81A-2375-4198-BC2C-5CFCEF8C51B9}
	EndGlobalSection
EndGlobal
