
Microsoft Visual Studio Solution File, Format Version 12.00
# Visual Studio 15
VisualStudioVersion = 15.0.28307.757
MinimumVisualStudioVersion = 10.0.40219.1
Project("{FAE04EC0-301F-11D3-BF4B-00C04F79EFBC}") = "SeashellTreasure", "SeashellTreasure\SeashellTreasure.csproj", "{E76A6FB3-A9D6-4835-9283-E4818D3D2264}"
EndProject
Project("{FAE04EC0-301F-11D3-BF4B-00C04F79EFBC}") = "SpaceStationEstablishment", "SpaceStationEstablishment\SpaceStationEstablishment.csproj", "{CF304DE6-44E3-466B-BBE9-8D1C6AF4582D}"
EndProject
Project("{FAE04EC0-301F-11D3-BF4B-00C04F79EFBC}") = "Helen'sAbduction", "Helen'sAbduction\Helen'sAbduction.csproj", "{64D9AA0C-5C8C-4351-9A11-765CE9BF1CD2}"
EndProject
Project("{FAE04EC0-301F-11D3-BF4B-00C04F79EFBC}") = "TronRacers", "TronRacers\TronRacers.csproj", "{3FA1BAAA-FF6F-4298-A09E-3A1F2DD1CD2C}"
EndProject
Project("{FAE04EC0-301F-11D3-BF4B-00C04F79EFBC}") = "ExcelFunctions", "ExcelFunctions\ExcelFunctions.csproj", "{6FDEE011-3678-44B9-B98E-09BE1927EB92}"
EndProject
Project("{FAE04EC0-301F-11D3-BF4B-00C04F79EFBC}") = "Sneaking", "Sneaking\Sneaking.csproj", "{5EC79240-67DA-4676-9AE7-184F44B5BE9D}"
EndProject
Project("{FAE04EC0-301F-11D3-BF4B-00C04F79EFBC}") = "DangerousFloor", "DangerousFloor\DangerousFloor.csproj", "{58D21AF9-3C82-432C-9765-B4B47573DF7D}"
EndProject
Project("{FAE04EC0-301F-11D3-BF4B-00C04F79EFBC}") = "JediGalaxy", "JediGalaxy\JediGalaxy.csproj", "{93DA5489-D353-4042-B59C-18E9E907682E}"
EndProject
Project("{FAE04EC0-301F-11D3-BF4B-00C04F79EFBC}") = "TargetPractice", "TargetPractice\TargetPractice.csproj", "{A3A04CF6-4700-4F86-9ABE-371E7DFA4C0C}"
EndProject
Project("{FAE04EC0-301F-11D3-BF4B-00C04F79EFBC}") = "BunkerBuster", "BunkerBuster\BunkerBuster.csproj", "{FD2785EC-600C-45ED-B769-A62D4CC63933}"
EndProject
Project("{FAE04EC0-301F-11D3-BF4B-00C04F79EFBC}") = "Monopoly", "Monopoly\Monopoly.csproj", "{3C026CE5-FF2E-4165-90C2-50918C709EF9}"
EndProject
Project("{FAE04EC0-301F-11D3-BF4B-00C04F79EFBC}") = "ParkingSystem", "ParkingSystem\ParkingSystem.csproj", "{F496543D-4044-467F-A9A2-23F6CAF9EB5A}"
EndProject
Global
	GlobalSection(SolutionConfigurationPlatforms) = preSolution
		Debug|Any CPU = Debug|Any CPU
		Release|Any CPU = Release|Any CPU
	EndGlobalSection
	GlobalSection(ProjectConfigurationPlatforms) = postSolution
		{E76A6FB3-A9D6-4835-9283-E4818D3D2264}.Debug|Any CPU.ActiveCfg = Debug|Any CPU
		{E76A6FB3-A9D6-4835-9283-E4818D3D2264}.Debug|Any CPU.Build.0 = Debug|Any CPU
		{E76A6FB3-A9D6-4835-9283-E4818D3D2264}.Release|Any CPU.ActiveCfg = Release|Any CPU
		{E76A6FB3-A9D6-4835-9283-E4818D3D2264}.Release|Any CPU.Build.0 = Release|Any CPU
		{CF304DE6-44E3-466B-BBE9-8D1C6AF4582D}.Debug|Any CPU.ActiveCfg = Debug|Any CPU
		{CF304DE6-44E3-466B-BBE9-8D1C6AF4582D}.Debug|Any CPU.Build.0 = Debug|Any CPU
		{CF304DE6-44E3-466B-BBE9-8D1C6AF4582D}.Release|Any CPU.ActiveCfg = Release|Any CPU
		{CF304DE6-44E3-466B-BBE9-8D1C6AF4582D}.Release|Any CPU.Build.0 = Release|Any CPU
		{64D9AA0C-5C8C-4351-9A11-765CE9BF1CD2}.Debug|Any CPU.ActiveCfg = Debug|Any CPU
		{64D9AA0C-5C8C-4351-9A11-765CE9BF1CD2}.Debug|Any CPU.Build.0 = Debug|Any CPU
		{64D9AA0C-5C8C-4351-9A11-765CE9BF1CD2}.Release|Any CPU.ActiveCfg = Release|Any CPU
		{64D9AA0C-5C8C-4351-9A11-765CE9BF1CD2}.Release|Any CPU.Build.0 = Release|Any CPU
		{3FA1BAAA-FF6F-4298-A09E-3A1F2DD1CD2C}.Debug|Any CPU.ActiveCfg = Debug|Any CPU
		{3FA1BAAA-FF6F-4298-A09E-3A1F2DD1CD2C}.Debug|Any CPU.Build.0 = Debug|Any CPU
		{3FA1BAAA-FF6F-4298-A09E-3A1F2DD1CD2C}.Release|Any CPU.ActiveCfg = Release|Any CPU
		{3FA1BAAA-FF6F-4298-A09E-3A1F2DD1CD2C}.Release|Any CPU.Build.0 = Release|Any CPU
		{6FDEE011-3678-44B9-B98E-09BE1927EB92}.Debug|Any CPU.ActiveCfg = Debug|Any CPU
		{6FDEE011-3678-44B9-B98E-09BE1927EB92}.Debug|Any CPU.Build.0 = Debug|Any CPU
		{6FDEE011-3678-44B9-B98E-09BE1927EB92}.Release|Any CPU.ActiveCfg = Release|Any CPU
		{6FDEE011-3678-44B9-B98E-09BE1927EB92}.Release|Any CPU.Build.0 = Release|Any CPU
		{5EC79240-67DA-4676-9AE7-184F44B5BE9D}.Debug|Any CPU.ActiveCfg = Debug|Any CPU
		{5EC79240-67DA-4676-9AE7-184F44B5BE9D}.Debug|Any CPU.Build.0 = Debug|Any CPU
		{5EC79240-67DA-4676-9AE7-184F44B5BE9D}.Release|Any CPU.ActiveCfg = Release|Any CPU
		{5EC79240-67DA-4676-9AE7-184F44B5BE9D}.Release|Any CPU.Build.0 = Release|Any CPU
		{58D21AF9-3C82-432C-9765-B4B47573DF7D}.Debug|Any CPU.ActiveCfg = Debug|Any CPU
		{58D21AF9-3C82-432C-9765-B4B47573DF7D}.Debug|Any CPU.Build.0 = Debug|Any CPU
		{58D21AF9-3C82-432C-9765-B4B47573DF7D}.Release|Any CPU.ActiveCfg = Release|Any CPU
		{58D21AF9-3C82-432C-9765-B4B47573DF7D}.Release|Any CPU.Build.0 = Release|Any CPU
		{93DA5489-D353-4042-B59C-18E9E907682E}.Debug|Any CPU.ActiveCfg = Debug|Any CPU
		{93DA5489-D353-4042-B59C-18E9E907682E}.Debug|Any CPU.Build.0 = Debug|Any CPU
		{93DA5489-D353-4042-B59C-18E9E907682E}.Release|Any CPU.ActiveCfg = Release|Any CPU
		{93DA5489-D353-4042-B59C-18E9E907682E}.Release|Any CPU.Build.0 = Release|Any CPU
		{A3A04CF6-4700-4F86-9ABE-371E7DFA4C0C}.Debug|Any CPU.ActiveCfg = Debug|Any CPU
		{A3A04CF6-4700-4F86-9ABE-371E7DFA4C0C}.Debug|Any CPU.Build.0 = Debug|Any CPU
		{A3A04CF6-4700-4F86-9ABE-371E7DFA4C0C}.Release|Any CPU.ActiveCfg = Release|Any CPU
		{A3A04CF6-4700-4F86-9ABE-371E7DFA4C0C}.Release|Any CPU.Build.0 = Release|Any CPU
		{FD2785EC-600C-45ED-B769-A62D4CC63933}.Debug|Any CPU.ActiveCfg = Debug|Any CPU
		{FD2785EC-600C-45ED-B769-A62D4CC63933}.Debug|Any CPU.Build.0 = Debug|Any CPU
		{FD2785EC-600C-45ED-B769-A62D4CC63933}.Release|Any CPU.ActiveCfg = Release|Any CPU
		{FD2785EC-600C-45ED-B769-A62D4CC63933}.Release|Any CPU.Build.0 = Release|Any CPU
		{3C026CE5-FF2E-4165-90C2-50918C709EF9}.Debug|Any CPU.ActiveCfg = Debug|Any CPU
		{3C026CE5-FF2E-4165-90C2-50918C709EF9}.Debug|Any CPU.Build.0 = Debug|Any CPU
		{3C026CE5-FF2E-4165-90C2-50918C709EF9}.Release|Any CPU.ActiveCfg = Release|Any CPU
		{3C026CE5-FF2E-4165-90C2-50918C709EF9}.Release|Any CPU.Build.0 = Release|Any CPU
		{F496543D-4044-467F-A9A2-23F6CAF9EB5A}.Debug|Any CPU.ActiveCfg = Debug|Any CPU
		{F496543D-4044-467F-A9A2-23F6CAF9EB5A}.Debug|Any CPU.Build.0 = Debug|Any CPU
		{F496543D-4044-467F-A9A2-23F6CAF9EB5A}.Release|Any CPU.ActiveCfg = Release|Any CPU
		{F496543D-4044-467F-A9A2-23F6CAF9EB5A}.Release|Any CPU.Build.0 = Release|Any CPU
	EndGlobalSection
	GlobalSection(SolutionProperties) = preSolution
		HideSolutionNode = FALSE
	EndGlobalSection
	GlobalSection(ExtensibilityGlobals) = postSolution
		SolutionGuid = {19B218FA-9CBC-4B60-B62F-0F428819892E}
	EndGlobalSection
EndGlobal
