
Microsoft Visual Studio Solution File, Format Version 12.00
# Visual Studio 15
VisualStudioVersion = 15.0.28307.757
MinimumVisualStudioVersion = 10.0.40219.1
Project("{FAE04EC0-301F-11D3-BF4B-00C04F79EFBC}") = "SortEvenNumbers", "SortEvenNumbers\SortEvenNumbers.csproj", "{A9FFCF6F-F889-4555-9BE1-563FB161109F}"
EndProject
Project("{FAE04EC0-301F-11D3-BF4B-00C04F79EFBC}") = "SumNumbers", "SumNumbers\SumNumbers.csproj", "{214E4BBC-B677-4C58-802D-EE930F65FF5C}"
EndProject
Project("{FAE04EC0-301F-11D3-BF4B-00C04F79EFBC}") = "CountUppercaseWords", "CountUppercaseWords\CountUppercaseWords.csproj", "{A3F380B5-9059-4946-A143-13435424EFD4}"
EndProject
Project("{FAE04EC0-301F-11D3-BF4B-00C04F79EFBC}") = "AddVAT", "AddVAT\AddVAT.csproj", "{C63451EF-AC94-4D29-B760-8D8A39F74CAF}"
EndProject
Project("{FAE04EC0-301F-11D3-BF4B-00C04F79EFBC}") = "FilterByAge", "FilterByAge\FilterByAge.csproj", "{5DDA8122-095A-4E2F-8945-AC345AB4115C}"
EndProject
Global
	GlobalSection(SolutionConfigurationPlatforms) = preSolution
		Debug|Any CPU = Debug|Any CPU
		Release|Any CPU = Release|Any CPU
	EndGlobalSection
	GlobalSection(ProjectConfigurationPlatforms) = postSolution
		{A9FFCF6F-F889-4555-9BE1-563FB161109F}.Debug|Any CPU.ActiveCfg = Debug|Any CPU
		{A9FFCF6F-F889-4555-9BE1-563FB161109F}.Debug|Any CPU.Build.0 = Debug|Any CPU
		{A9FFCF6F-F889-4555-9BE1-563FB161109F}.Release|Any CPU.ActiveCfg = Release|Any CPU
		{A9FFCF6F-F889-4555-9BE1-563FB161109F}.Release|Any CPU.Build.0 = Release|Any CPU
		{214E4BBC-B677-4C58-802D-EE930F65FF5C}.Debug|Any CPU.ActiveCfg = Debug|Any CPU
		{214E4BBC-B677-4C58-802D-EE930F65FF5C}.Debug|Any CPU.Build.0 = Debug|Any CPU
		{214E4BBC-B677-4C58-802D-EE930F65FF5C}.Release|Any CPU.ActiveCfg = Release|Any CPU
		{214E4BBC-B677-4C58-802D-EE930F65FF5C}.Release|Any CPU.Build.0 = Release|Any CPU
		{A3F380B5-9059-4946-A143-13435424EFD4}.Debug|Any CPU.ActiveCfg = Debug|Any CPU
		{A3F380B5-9059-4946-A143-13435424EFD4}.Debug|Any CPU.Build.0 = Debug|Any CPU
		{A3F380B5-9059-4946-A143-13435424EFD4}.Release|Any CPU.ActiveCfg = Release|Any CPU
		{A3F380B5-9059-4946-A143-13435424EFD4}.Release|Any CPU.Build.0 = Release|Any CPU
		{C63451EF-AC94-4D29-B760-8D8A39F74CAF}.Debug|Any CPU.ActiveCfg = Debug|Any CPU
		{C63451EF-AC94-4D29-B760-8D8A39F74CAF}.Debug|Any CPU.Build.0 = Debug|Any CPU
		{C63451EF-AC94-4D29-B760-8D8A39F74CAF}.Release|Any CPU.ActiveCfg = Release|Any CPU
		{C63451EF-AC94-4D29-B760-8D8A39F74CAF}.Release|Any CPU.Build.0 = Release|Any CPU
		{5DDA8122-095A-4E2F-8945-AC345AB4115C}.Debug|Any CPU.ActiveCfg = Debug|Any CPU
		{5DDA8122-095A-4E2F-8945-AC345AB4115C}.Debug|Any CPU.Build.0 = Debug|Any CPU
		{5DDA8122-095A-4E2F-8945-AC345AB4115C}.Release|Any CPU.ActiveCfg = Release|Any CPU
		{5DDA8122-095A-4E2F-8945-AC345AB4115C}.Release|Any CPU.Build.0 = Release|Any CPU
	EndGlobalSection
	GlobalSection(SolutionProperties) = preSolution
		HideSolutionNode = FALSE
	EndGlobalSection
	GlobalSection(ExtensibilityGlobals) = postSolution
		SolutionGuid = {83F75188-D634-4E8E-BE95-76B7A9FBB1A0}
	EndGlobalSection
EndGlobal
