
Microsoft Visual Studio Solution File, Format Version 12.00
# Visual Studio 15
VisualStudioVersion = 15.0.28307.757
MinimumVisualStudioVersion = 10.0.40219.1
Project("{FAE04EC0-301F-11D3-BF4B-00C04F79EFBC}") = "Crossroads", "Crossroads\Crossroads.csproj", "{A0996D9C-3B48-40E3-B477-96F28E48E560}"
EndProject
Project("{FAE04EC0-301F-11D3-BF4B-00C04F79EFBC}") = "KeyRevolver", "KeyRevolver\KeyRevolver.csproj", "{1675CEC0-3AC2-44B9-881A-C84769000B66}"
EndProject
Project("{FAE04EC0-301F-11D3-BF4B-00C04F79EFBC}") = "CupsAndBottles", "CupsAndBottles\CupsAndBottles.csproj", "{A0A88932-F31C-4473-94F2-0327462A0F6A}"
EndProject
Project("{FAE04EC0-301F-11D3-BF4B-00C04F79EFBC}") = "SummerCocktails", "SummerCocktails\SummerCocktails.csproj", "{62E2B59F-5F80-4CD4-A991-D1A3CB2CF12C}"
EndProject
Project("{FAE04EC0-301F-11D3-BF4B-00C04F79EFBC}") = "SpaceshipCrafting", "SpaceshipCrafting\SpaceshipCrafting.csproj", "{68BD5A03-D8B0-4B0E-AC75-53D70D57939E}"
EndProject
Project("{FAE04EC0-301F-11D3-BF4B-00C04F79EFBC}") = "TrojanInvasion", "TrojanInvasion\TrojanInvasion.csproj", "{FE476D4A-4B1C-4403-96DF-80E478410598}"
EndProject
Project("{FAE04EC0-301F-11D3-BF4B-00C04F79EFBC}") = "ClubParty", "ClubParty\ClubParty.csproj", "{1B9EBD6A-F7E7-4587-9328-32A6125900D5}"
EndProject
Project("{FAE04EC0-301F-11D3-BF4B-00C04F79EFBC}") = "Socks", "Socks\Socks.csproj", "{4049DC49-73C4-4108-924B-6EF8C1371B3C}"
EndProject
Project("{FAE04EC0-301F-11D3-BF4B-00C04F79EFBC}") = "TheKitchen", "TheKitchen\TheKitchen.csproj", "{A6E16129-F4D4-4979-A086-880A7545C1D1}"
EndProject
Project("{FAE04EC0-301F-11D3-BF4B-00C04F79EFBC}") = "CryptoMaster", "CryptoMaster\CryptoMaster.csproj", "{E27D6EC0-393F-427F-986D-4EE1ECCB55E4}"
EndProject
Project("{FAE04EC0-301F-11D3-BF4B-00C04F79EFBC}") = "NumberWars", "NumberWars\NumberWars.csproj", "{59ACF845-5AAF-4806-BC48-A1206B996934}"
EndProject
Project("{FAE04EC0-301F-11D3-BF4B-00C04F79EFBC}") = "CubicArtillery", "CubicArtillery\CubicArtillery.csproj", "{AAB1C61C-C68F-484B-8CEE-F8755E0A3AB5}"
EndProject
Project("{FAE04EC0-301F-11D3-BF4B-00C04F79EFBC}") = "JediMeditation", "JediMeditation\JediMeditation.csproj", "{006CF6D3-A145-4B73-896A-795C3A4E53A3}"
EndProject
Global
	GlobalSection(SolutionConfigurationPlatforms) = preSolution
		Debug|Any CPU = Debug|Any CPU
		Release|Any CPU = Release|Any CPU
	EndGlobalSection
	GlobalSection(ProjectConfigurationPlatforms) = postSolution
		{A0996D9C-3B48-40E3-B477-96F28E48E560}.Debug|Any CPU.ActiveCfg = Debug|Any CPU
		{A0996D9C-3B48-40E3-B477-96F28E48E560}.Debug|Any CPU.Build.0 = Debug|Any CPU
		{A0996D9C-3B48-40E3-B477-96F28E48E560}.Release|Any CPU.ActiveCfg = Release|Any CPU
		{A0996D9C-3B48-40E3-B477-96F28E48E560}.Release|Any CPU.Build.0 = Release|Any CPU
		{1675CEC0-3AC2-44B9-881A-C84769000B66}.Debug|Any CPU.ActiveCfg = Debug|Any CPU
		{1675CEC0-3AC2-44B9-881A-C84769000B66}.Debug|Any CPU.Build.0 = Debug|Any CPU
		{1675CEC0-3AC2-44B9-881A-C84769000B66}.Release|Any CPU.ActiveCfg = Release|Any CPU
		{1675CEC0-3AC2-44B9-881A-C84769000B66}.Release|Any CPU.Build.0 = Release|Any CPU
		{A0A88932-F31C-4473-94F2-0327462A0F6A}.Debug|Any CPU.ActiveCfg = Debug|Any CPU
		{A0A88932-F31C-4473-94F2-0327462A0F6A}.Debug|Any CPU.Build.0 = Debug|Any CPU
		{A0A88932-F31C-4473-94F2-0327462A0F6A}.Release|Any CPU.ActiveCfg = Release|Any CPU
		{A0A88932-F31C-4473-94F2-0327462A0F6A}.Release|Any CPU.Build.0 = Release|Any CPU
		{62E2B59F-5F80-4CD4-A991-D1A3CB2CF12C}.Debug|Any CPU.ActiveCfg = Debug|Any CPU
		{62E2B59F-5F80-4CD4-A991-D1A3CB2CF12C}.Debug|Any CPU.Build.0 = Debug|Any CPU
		{62E2B59F-5F80-4CD4-A991-D1A3CB2CF12C}.Release|Any CPU.ActiveCfg = Release|Any CPU
		{62E2B59F-5F80-4CD4-A991-D1A3CB2CF12C}.Release|Any CPU.Build.0 = Release|Any CPU
		{68BD5A03-D8B0-4B0E-AC75-53D70D57939E}.Debug|Any CPU.ActiveCfg = Debug|Any CPU
		{68BD5A03-D8B0-4B0E-AC75-53D70D57939E}.Debug|Any CPU.Build.0 = Debug|Any CPU
		{68BD5A03-D8B0-4B0E-AC75-53D70D57939E}.Release|Any CPU.ActiveCfg = Release|Any CPU
		{68BD5A03-D8B0-4B0E-AC75-53D70D57939E}.Release|Any CPU.Build.0 = Release|Any CPU
		{FE476D4A-4B1C-4403-96DF-80E478410598}.Debug|Any CPU.ActiveCfg = Debug|Any CPU
		{FE476D4A-4B1C-4403-96DF-80E478410598}.Debug|Any CPU.Build.0 = Debug|Any CPU
		{FE476D4A-4B1C-4403-96DF-80E478410598}.Release|Any CPU.ActiveCfg = Release|Any CPU
		{FE476D4A-4B1C-4403-96DF-80E478410598}.Release|Any CPU.Build.0 = Release|Any CPU
		{1B9EBD6A-F7E7-4587-9328-32A6125900D5}.Debug|Any CPU.ActiveCfg = Debug|Any CPU
		{1B9EBD6A-F7E7-4587-9328-32A6125900D5}.Debug|Any CPU.Build.0 = Debug|Any CPU
		{1B9EBD6A-F7E7-4587-9328-32A6125900D5}.Release|Any CPU.ActiveCfg = Release|Any CPU
		{1B9EBD6A-F7E7-4587-9328-32A6125900D5}.Release|Any CPU.Build.0 = Release|Any CPU
		{4049DC49-73C4-4108-924B-6EF8C1371B3C}.Debug|Any CPU.ActiveCfg = Debug|Any CPU
		{4049DC49-73C4-4108-924B-6EF8C1371B3C}.Debug|Any CPU.Build.0 = Debug|Any CPU
		{4049DC49-73C4-4108-924B-6EF8C1371B3C}.Release|Any CPU.ActiveCfg = Release|Any CPU
		{4049DC49-73C4-4108-924B-6EF8C1371B3C}.Release|Any CPU.Build.0 = Release|Any CPU
		{A6E16129-F4D4-4979-A086-880A7545C1D1}.Debug|Any CPU.ActiveCfg = Debug|Any CPU
		{A6E16129-F4D4-4979-A086-880A7545C1D1}.Debug|Any CPU.Build.0 = Debug|Any CPU
		{A6E16129-F4D4-4979-A086-880A7545C1D1}.Release|Any CPU.ActiveCfg = Release|Any CPU
		{A6E16129-F4D4-4979-A086-880A7545C1D1}.Release|Any CPU.Build.0 = Release|Any CPU
		{E27D6EC0-393F-427F-986D-4EE1ECCB55E4}.Debug|Any CPU.ActiveCfg = Debug|Any CPU
		{E27D6EC0-393F-427F-986D-4EE1ECCB55E4}.Debug|Any CPU.Build.0 = Debug|Any CPU
		{E27D6EC0-393F-427F-986D-4EE1ECCB55E4}.Release|Any CPU.ActiveCfg = Release|Any CPU
		{E27D6EC0-393F-427F-986D-4EE1ECCB55E4}.Release|Any CPU.Build.0 = Release|Any CPU
		{59ACF845-5AAF-4806-BC48-A1206B996934}.Debug|Any CPU.ActiveCfg = Debug|Any CPU
		{59ACF845-5AAF-4806-BC48-A1206B996934}.Debug|Any CPU.Build.0 = Debug|Any CPU
		{59ACF845-5AAF-4806-BC48-A1206B996934}.Release|Any CPU.ActiveCfg = Release|Any CPU
		{59ACF845-5AAF-4806-BC48-A1206B996934}.Release|Any CPU.Build.0 = Release|Any CPU
		{AAB1C61C-C68F-484B-8CEE-F8755E0A3AB5}.Debug|Any CPU.ActiveCfg = Debug|Any CPU
		{AAB1C61C-C68F-484B-8CEE-F8755E0A3AB5}.Debug|Any CPU.Build.0 = Debug|Any CPU
		{AAB1C61C-C68F-484B-8CEE-F8755E0A3AB5}.Release|Any CPU.ActiveCfg = Release|Any CPU
		{AAB1C61C-C68F-484B-8CEE-F8755E0A3AB5}.Release|Any CPU.Build.0 = Release|Any CPU
		{006CF6D3-A145-4B73-896A-795C3A4E53A3}.Debug|Any CPU.ActiveCfg = Debug|Any CPU
		{006CF6D3-A145-4B73-896A-795C3A4E53A3}.Debug|Any CPU.Build.0 = Debug|Any CPU
		{006CF6D3-A145-4B73-896A-795C3A4E53A3}.Release|Any CPU.ActiveCfg = Release|Any CPU
		{006CF6D3-A145-4B73-896A-795C3A4E53A3}.Release|Any CPU.Build.0 = Release|Any CPU
	EndGlobalSection
	GlobalSection(SolutionProperties) = preSolution
		HideSolutionNode = FALSE
	EndGlobalSection
	GlobalSection(ExtensibilityGlobals) = postSolution
		SolutionGuid = {815531F6-3ACF-40D5-952F-7ACBA1A8AF9C}
	EndGlobalSection
EndGlobal
