
Microsoft Visual Studio Solution File, Format Version 12.00
# Visual Studio 15
VisualStudioVersion = 15.0.28307.757
MinimumVisualStudioVersion = 10.0.40219.1
Project("{FAE04EC0-301F-11D3-BF4B-00C04F79EFBC}") = "BasicStackOperations", "BasicStackOperations\BasicStackOperations.csproj", "{D2ABC7DA-F9A7-48AE-A2A2-EC98A81635DC}"
EndProject
Project("{FAE04EC0-301F-11D3-BF4B-00C04F79EFBC}") = "BasicQueueOperations", "BasicQueueOperations\BasicQueueOperations.csproj", "{55BA3316-15DF-4E24-ADF0-E057D5AC588E}"
EndProject
Project("{FAE04EC0-301F-11D3-BF4B-00C04F79EFBC}") = "MaximumAndMinimumElement", "MaximumAndMinimumElement\MaximumAndMinimumElement.csproj", "{8206E6C6-D24E-4961-A4C5-39E4A6F674F4}"
EndProject
Project("{FAE04EC0-301F-11D3-BF4B-00C04F79EFBC}") = "FastFood", "FastFood\FastFood.csproj", "{BB2AA669-B7C1-4EDB-BEC4-B9C8BF8F9A9D}"
EndProject
Project("{FAE04EC0-301F-11D3-BF4B-00C04F79EFBC}") = "FashionBoutique", "FashionBoutique\FashionBoutique.csproj", "{CA2FF692-0AE8-4C97-997C-1594EE706CAF}"
EndProject
Project("{FAE04EC0-301F-11D3-BF4B-00C04F79EFBC}") = "SongsQueue", "SongsQueue\SongsQueue.csproj", "{A9FD3EA3-B337-40DE-835D-1EC21E93ACB4}"
EndProject
Project("{FAE04EC0-301F-11D3-BF4B-00C04F79EFBC}") = "TruckTour", "TruckTour\TruckTour.csproj", "{6173425A-46D6-4C4A-94A4-8EF2B0A0600D}"
EndProject
Project("{FAE04EC0-301F-11D3-BF4B-00C04F79EFBC}") = "BalancedParenthesis", "BalancedParenthesis\BalancedParenthesis.csproj", "{C35B66EB-5DCA-4CF9-9A31-E3D4081843A4}"
EndProject
Project("{FAE04EC0-301F-11D3-BF4B-00C04F79EFBC}") = "SimpleTextEditor", "SimpleTextEditor\SimpleTextEditor.csproj", "{F6163404-E07C-42AA-BD59-BA7C704BA942}"
EndProject
Project("{FAE04EC0-301F-11D3-BF4B-00C04F79EFBC}") = "Crossroads", "Crossroads\Crossroads.csproj", "{5F747BDE-BF8A-40D2-B8DF-697DA4D93C7D}"
EndProject
Project("{FAE04EC0-301F-11D3-BF4B-00C04F79EFBC}") = "KeyRevolver", "KeyRevolver\KeyRevolver.csproj", "{8CBB644E-52F5-4957-A367-3E97039C9CCC}"
EndProject
Project("{FAE04EC0-301F-11D3-BF4B-00C04F79EFBC}") = "CupsAndBottles", "CupsAndBottles\CupsAndBottles.csproj", "{50080AD3-7D4C-4A98-9BA3-D81CB603ECF1}"
EndProject
Global
	GlobalSection(SolutionConfigurationPlatforms) = preSolution
		Debug|Any CPU = Debug|Any CPU
		Release|Any CPU = Release|Any CPU
	EndGlobalSection
	GlobalSection(ProjectConfigurationPlatforms) = postSolution
		{D2ABC7DA-F9A7-48AE-A2A2-EC98A81635DC}.Debug|Any CPU.ActiveCfg = Debug|Any CPU
		{D2ABC7DA-F9A7-48AE-A2A2-EC98A81635DC}.Debug|Any CPU.Build.0 = Debug|Any CPU
		{D2ABC7DA-F9A7-48AE-A2A2-EC98A81635DC}.Release|Any CPU.ActiveCfg = Release|Any CPU
		{D2ABC7DA-F9A7-48AE-A2A2-EC98A81635DC}.Release|Any CPU.Build.0 = Release|Any CPU
		{55BA3316-15DF-4E24-ADF0-E057D5AC588E}.Debug|Any CPU.ActiveCfg = Debug|Any CPU
		{55BA3316-15DF-4E24-ADF0-E057D5AC588E}.Debug|Any CPU.Build.0 = Debug|Any CPU
		{55BA3316-15DF-4E24-ADF0-E057D5AC588E}.Release|Any CPU.ActiveCfg = Release|Any CPU
		{55BA3316-15DF-4E24-ADF0-E057D5AC588E}.Release|Any CPU.Build.0 = Release|Any CPU
		{8206E6C6-D24E-4961-A4C5-39E4A6F674F4}.Debug|Any CPU.ActiveCfg = Debug|Any CPU
		{8206E6C6-D24E-4961-A4C5-39E4A6F674F4}.Debug|Any CPU.Build.0 = Debug|Any CPU
		{8206E6C6-D24E-4961-A4C5-39E4A6F674F4}.Release|Any CPU.ActiveCfg = Release|Any CPU
		{8206E6C6-D24E-4961-A4C5-39E4A6F674F4}.Release|Any CPU.Build.0 = Release|Any CPU
		{BB2AA669-B7C1-4EDB-BEC4-B9C8BF8F9A9D}.Debug|Any CPU.ActiveCfg = Debug|Any CPU
		{BB2AA669-B7C1-4EDB-BEC4-B9C8BF8F9A9D}.Debug|Any CPU.Build.0 = Debug|Any CPU
		{BB2AA669-B7C1-4EDB-BEC4-B9C8BF8F9A9D}.Release|Any CPU.ActiveCfg = Release|Any CPU
		{BB2AA669-B7C1-4EDB-BEC4-B9C8BF8F9A9D}.Release|Any CPU.Build.0 = Release|Any CPU
		{CA2FF692-0AE8-4C97-997C-1594EE706CAF}.Debug|Any CPU.ActiveCfg = Debug|Any CPU
		{CA2FF692-0AE8-4C97-997C-1594EE706CAF}.Debug|Any CPU.Build.0 = Debug|Any CPU
		{CA2FF692-0AE8-4C97-997C-1594EE706CAF}.Release|Any CPU.ActiveCfg = Release|Any CPU
		{CA2FF692-0AE8-4C97-997C-1594EE706CAF}.Release|Any CPU.Build.0 = Release|Any CPU
		{A9FD3EA3-B337-40DE-835D-1EC21E93ACB4}.Debug|Any CPU.ActiveCfg = Debug|Any CPU
		{A9FD3EA3-B337-40DE-835D-1EC21E93ACB4}.Debug|Any CPU.Build.0 = Debug|Any CPU
		{A9FD3EA3-B337-40DE-835D-1EC21E93ACB4}.Release|Any CPU.ActiveCfg = Release|Any CPU
		{A9FD3EA3-B337-40DE-835D-1EC21E93ACB4}.Release|Any CPU.Build.0 = Release|Any CPU
		{6173425A-46D6-4C4A-94A4-8EF2B0A0600D}.Debug|Any CPU.ActiveCfg = Debug|Any CPU
		{6173425A-46D6-4C4A-94A4-8EF2B0A0600D}.Debug|Any CPU.Build.0 = Debug|Any CPU
		{6173425A-46D6-4C4A-94A4-8EF2B0A0600D}.Release|Any CPU.ActiveCfg = Release|Any CPU
		{6173425A-46D6-4C4A-94A4-8EF2B0A0600D}.Release|Any CPU.Build.0 = Release|Any CPU
		{C35B66EB-5DCA-4CF9-9A31-E3D4081843A4}.Debug|Any CPU.ActiveCfg = Debug|Any CPU
		{C35B66EB-5DCA-4CF9-9A31-E3D4081843A4}.Debug|Any CPU.Build.0 = Debug|Any CPU
		{C35B66EB-5DCA-4CF9-9A31-E3D4081843A4}.Release|Any CPU.ActiveCfg = Release|Any CPU
		{C35B66EB-5DCA-4CF9-9A31-E3D4081843A4}.Release|Any CPU.Build.0 = Release|Any CPU
		{F6163404-E07C-42AA-BD59-BA7C704BA942}.Debug|Any CPU.ActiveCfg = Debug|Any CPU
		{F6163404-E07C-42AA-BD59-BA7C704BA942}.Debug|Any CPU.Build.0 = Debug|Any CPU
		{F6163404-E07C-42AA-BD59-BA7C704BA942}.Release|Any CPU.ActiveCfg = Release|Any CPU
		{F6163404-E07C-42AA-BD59-BA7C704BA942}.Release|Any CPU.Build.0 = Release|Any CPU
		{5F747BDE-BF8A-40D2-B8DF-697DA4D93C7D}.Debug|Any CPU.ActiveCfg = Debug|Any CPU
		{5F747BDE-BF8A-40D2-B8DF-697DA4D93C7D}.Debug|Any CPU.Build.0 = Debug|Any CPU
		{5F747BDE-BF8A-40D2-B8DF-697DA4D93C7D}.Release|Any CPU.ActiveCfg = Release|Any CPU
		{5F747BDE-BF8A-40D2-B8DF-697DA4D93C7D}.Release|Any CPU.Build.0 = Release|Any CPU
		{8CBB644E-52F5-4957-A367-3E97039C9CCC}.Debug|Any CPU.ActiveCfg = Debug|Any CPU
		{8CBB644E-52F5-4957-A367-3E97039C9CCC}.Debug|Any CPU.Build.0 = Debug|Any CPU
		{8CBB644E-52F5-4957-A367-3E97039C9CCC}.Release|Any CPU.ActiveCfg = Release|Any CPU
		{8CBB644E-52F5-4957-A367-3E97039C9CCC}.Release|Any CPU.Build.0 = Release|Any CPU
		{50080AD3-7D4C-4A98-9BA3-D81CB603ECF1}.Debug|Any CPU.ActiveCfg = Debug|Any CPU
		{50080AD3-7D4C-4A98-9BA3-D81CB603ECF1}.Debug|Any CPU.Build.0 = Debug|Any CPU
		{50080AD3-7D4C-4A98-9BA3-D81CB603ECF1}.Release|Any CPU.ActiveCfg = Release|Any CPU
		{50080AD3-7D4C-4A98-9BA3-D81CB603ECF1}.Release|Any CPU.Build.0 = Release|Any CPU
	EndGlobalSection
	GlobalSection(SolutionProperties) = preSolution
		HideSolutionNode = FALSE
	EndGlobalSection
	GlobalSection(ExtensibilityGlobals) = postSolution
		SolutionGuid = {3D3E4F9C-1EB5-40D9-8FA9-8EB2CA78A14E}
	EndGlobalSection
EndGlobal
