
Microsoft Visual Studio Solution File, Format Version 12.00
# Visual Studio 15
VisualStudioVersion = 15.0.28307.757
MinimumVisualStudioVersion = 10.0.40219.1
Project("{FAE04EC0-301F-11D3-BF4B-00C04F79EFBC}") = "Car", "Car\Car.csproj", "{CE51C4C7-E6B7-42A4-9393-9CB7C0EE6BF3}"
EndProject
Global
	GlobalSection(SolutionConfigurationPlatforms) = preSolution
		Debug|Any CPU = Debug|Any CPU
		Release|Any CPU = Release|Any CPU
	EndGlobalSection
	GlobalSection(ProjectConfigurationPlatforms) = postSolution
		{CE51C4C7-E6B7-42A4-9393-9CB7C0EE6BF3}.Debug|Any CPU.ActiveCfg = Debug|Any CPU
		{CE51C4C7-E6B7-42A4-9393-9CB7C0EE6BF3}.Debug|Any CPU.Build.0 = Debug|Any CPU
		{CE51C4C7-E6B7-42A4-9393-9CB7C0EE6BF3}.Release|Any CPU.ActiveCfg = Release|Any CPU
		{CE51C4C7-E6B7-42A4-9393-9CB7C0EE6BF3}.Release|Any CPU.Build.0 = Release|Any CPU
	EndGlobalSection
	GlobalSection(SolutionProperties) = preSolution
		HideSolutionNode = FALSE
	EndGlobalSection
	GlobalSection(ExtensibilityGlobals) = postSolution
		SolutionGuid = {BEC0C32A-B2D0-4D5C-9C82-414AE4D9D9E7}
	EndGlobalSection
EndGlobal
